
Microsoft Visual Studio Solution File, Format Version 12.00
# Visual Studio Version 17
VisualStudioVersion = 17.0.32014.148
MinimumVisualStudioVersion = 10.0.40219.1
Project("{FAE04EC0-301F-11D3-BF4B-00C04F79EFBC}") = "SecretSanta.Web", "SecretSanta.Web\SecretSanta.Web.csproj", "{7E8D1D6C-19F5-4D46-AE9A-90D6B0FD3813}"
EndProject
Project("{FAE04EC0-301F-11D3-BF4B-00C04F79EFBC}") = "SecretSanta.Business", "SecretSanta.Business\SecretSanta.Business.csproj", "{131FAC24-E244-481D-BA37-36F332531EE8}"
EndProject
Project("{FAE04EC0-301F-11D3-BF4B-00C04F79EFBC}") = "SecretSanta.Data.Ado", "SecretSanta.Data.Ado\SecretSanta.Data.Ado.csproj", "{37EFC99E-D44F-4AD4-AB2E-13812DFD024D}"
EndProject
Project("{FAE04EC0-301F-11D3-BF4B-00C04F79EFBC}") = "SecretSanta.Models", "SecretSanta.Models\SecretSanta.Models.csproj", "{C1EE7B3C-B73E-47B4-B318-215051BEC320}"
EndProject
Global
	GlobalSection(SolutionConfigurationPlatforms) = preSolution
		Debug|Any CPU = Debug|Any CPU
		Release|Any CPU = Release|Any CPU
	EndGlobalSection
	GlobalSection(ProjectConfigurationPlatforms) = postSolution
		{7E8D1D6C-19F5-4D46-AE9A-90D6B0FD3813}.Debug|Any CPU.ActiveCfg = Debug|Any CPU
		{7E8D1D6C-19F5-4D46-AE9A-90D6B0FD3813}.Debug|Any CPU.Build.0 = Debug|Any CPU
		{7E8D1D6C-19F5-4D46-AE9A-90D6B0FD3813}.Release|Any CPU.ActiveCfg = Release|Any CPU
		{7E8D1D6C-19F5-4D46-AE9A-90D6B0FD3813}.Release|Any CPU.Build.0 = Release|Any CPU
		{131FAC24-E244-481D-BA37-36F332531EE8}.Debug|Any CPU.ActiveCfg = Debug|Any CPU
		{131FAC24-E244-481D-BA37-36F332531EE8}.Debug|Any CPU.Build.0 = Debug|Any CPU
		{131FAC24-E244-481D-BA37-36F332531EE8}.Release|Any CPU.ActiveCfg = Release|Any CPU
		{131FAC24-E244-481D-BA37-36F332531EE8}.Release|Any CPU.Build.0 = Release|Any CPU
		{37EFC99E-D44F-4AD4-AB2E-13812DFD024D}.Debug|Any CPU.ActiveCfg = Debug|Any CPU
		{37EFC99E-D44F-4AD4-AB2E-13812DFD024D}.Debug|Any CPU.Build.0 = Debug|Any CPU
		{37EFC99E-D44F-4AD4-AB2E-13812DFD024D}.Release|Any CPU.ActiveCfg = Release|Any CPU
		{37EFC99E-D44F-4AD4-AB2E-13812DFD024D}.Release|Any CPU.Build.0 = Release|Any CPU
		{C1EE7B3C-B73E-47B4-B318-215051BEC320}.Debug|Any CPU.ActiveCfg = Debug|Any CPU
		{C1EE7B3C-B73E-47B4-B318-215051BEC320}.Debug|Any CPU.Build.0 = Debug|Any CPU
		{C1EE7B3C-B73E-47B4-B318-215051BEC320}.Release|Any CPU.ActiveCfg = Release|Any CPU
		{C1EE7B3C-B73E-47B4-B318-215051BEC320}.Release|Any CPU.Build.0 = Release|Any CPU
	EndGlobalSection
	GlobalSection(SolutionProperties) = preSolution
		HideSolutionNode = FALSE
	EndGlobalSection
	GlobalSection(ExtensibilityGlobals) = postSolution
		SolutionGuid = {EF8F87A4-A787-451A-A4AD-1940E993DE27}
	EndGlobalSection
EndGlobal
